
Microsoft Visual Studio Solution File, Format Version 12.00
# Visual Studio Version 16
VisualStudioVersion = 16.0.28803.352
MinimumVisualStudioVersion = 10.0.40219.1
Project("{D954291E-2A0B-460D-934E-DC6B0785DB48}") = "Epico", "Epico\Epico.shproj", "{B5456BA6-0254-41CA-9316-AE4B80B9E5C5}"
EndProject
Project("{2150E333-8FDC-42A3-9474-1A3956D46DE8}") = "Nucleo", "Nucleo", "{23268639-C48B-4D15-9EF8-32365EF7DF8A}"
EndProject
Project("{2150E333-8FDC-42A3-9474-1A3956D46DE8}") = "Motor", "Motor", "{3A6C62C8-83BC-415E-AED0-80D48A036D3C}"
EndProject
Project("{2150E333-8FDC-42A3-9474-1A3956D46DE8}") = "Editor", "Editor", "{F6F86235-CB90-49F7-86FF-78763FBB9943}"
EndProject
Project("{2150E333-8FDC-42A3-9474-1A3956D46DE8}") = "Prototipos", "Prototipos", "{439C52C6-880A-402F-AF1A-0E6E480F0983}"
EndProject
Project("{2150E333-8FDC-42A3-9474-1A3956D46DE8}") = "Biblioteca", "Biblioteca", "{4015CCF9-63BA-48B4-8C90-EF24F34C2910}"
EndProject
Project("{FAE04EC0-301F-11D3-BF4B-00C04F79EFBC}") = "SenoCosseno", "Prototipos\SenoCosseno\SenoCosseno.csproj", "{AC6B9E69-0171-443B-BE68-79CA98AE89AA}"
EndProject
Project("{FAE04EC0-301F-11D3-BF4B-00C04F79EFBC}") = "RotateString", "Prototipos\RotateString\RotateString.csproj", "{78A44C19-C7C0-43E2-BA98-11A57A03D6C7}"
EndProject
Project("{FAE04EC0-301F-11D3-BF4B-00C04F79EFBC}") = "Rotate2D", "Prototipos\Rotate2D\Rotate2D.csproj", "{B4B7C1E2-EB61-447C-BAD2-DB0E2D0686DC}"
EndProject
Project("{FAE04EC0-301F-11D3-BF4B-00C04F79EFBC}") = "RadialMenu", "Prototipos\RadialMenu\RadialMenu.csproj", "{516B88F6-44A9-4DCD-9BEA-A3B3B8DBE633}"
EndProject
Project("{FAE04EC0-301F-11D3-BF4B-00C04F79EFBC}") = "PonteiroGravidade", "Prototipos\PonteiroGravidade\PonteiroGravidade.csproj", "{109DD572-152C-497A-9AFC-3F01CA1866CC}"
EndProject
Project("{FAE04EC0-301F-11D3-BF4B-00C04F79EFBC}") = "IntersecaoObjetos", "Prototipos\IntersecaoObjetos\IntersecaoObjetos.csproj", "{C0DAA936-AC48-400B-BCD1-189F057781D3}"
EndProject
Project("{D954291E-2A0B-460D-934E-DC6B0785DB48}") = "EditorUI", "Editor\EditorUI\EditorUI.shproj", "{D5E61657-73F3-402C-A156-6AE97B0BD122}"
EndProject
Project("{FAE04EC0-301F-11D3-BF4B-00C04F79EFBC}") = "Editor.win32", "Editor\Editor.win32\Editor.win32.csproj", "{1B78633D-E9DF-4B32-AA1B-FB2659E4AF83}"
EndProject
Project("{FAE04EC0-301F-11D3-BF4B-00C04F79EFBC}") = "Epico.net45.x64", "Biblioteca\Epico.net45.x64\Epico.net45.x64.csproj", "{6C722FA8-9A05-4EED-A894-411855F317D2}"
EndProject
Project("{FAE04EC0-301F-11D3-BF4B-00C04F79EFBC}") = "Epico.net45.x86", "Biblioteca\Epico.net45.x86\Epico.net45.x86.csproj", "{8A6C0627-F7F5-43DB-B684-C504674423D7}"
EndProject
Project("{FAE04EC0-301F-11D3-BF4B-00C04F79EFBC}") = "RadialMenu2", "Prototipos\RadialMenu2\RadialMenu2.csproj", "{ACB3F6B8-A0AB-441A-9C9C-092166F8E5B4}"
EndProject
Project("{FAE04EC0-301F-11D3-BF4B-00C04F79EFBC}") = "Editor2D", "Editor\Editor2D\Editor2D.csproj", "{BD97924D-0846-4046-9997-119734F0111C}"
EndProject
Project("{FAE04EC0-301F-11D3-BF4B-00C04F79EFBC}") = "Epico.editor2d", "Epico.editor2d\Epico.editor2d.csproj", "{00B8F071-EC00-44F3-A244-2C096CFC8114}"
EndProject
Project("{9A19103F-16F7-4668-BE54-9A1E7A4F7556}") = "Epico.netstandard2", "Biblioteca\Epico.netstandard2\Epico.netstandard2.csproj", "{CA0CE758-D604-419E-9102-185514FAEBBD}"
EndProject
Project("{9A19103F-16F7-4668-BE54-9A1E7A4F7556}") = "Epico.netcore3.x86", "Biblioteca\Epico.netcore3.x86\Epico.netcore3.x86.csproj", "{8FC503F7-5AE3-48B8-91F3-7343E52D4F92}"
EndProject
Project("{9A19103F-16F7-4668-BE54-9A1E7A4F7556}") = "BlazorWebAssembly", "Prototipos\BlazorWebAssembly\BlazorWebAssembly.csproj", "{8E193009-A1EF-458D-8720-18F68D7732C3}"
EndProject
Project("{9A19103F-16F7-4668-BE54-9A1E7A4F7556}") = "Epico.netcore2.2.x86", "Epico.netcore2.2.x86\Epico.netcore2.2.x86.csproj", "{E0A3C4B0-0A40-41F6-AE21-3D2A0ADC950F}"
EndProject
Project("{9A19103F-16F7-4668-BE54-9A1E7A4F7556}") = "VideoStreamWebApp", "Prototipos\VideoStreamWebApp\VideoStreamWebApp.csproj", "{F1646404-C3B9-42B7-9115-D78C7E25A559}"
EndProject
Project("{9A19103F-16F7-4668-BE54-9A1E7A4F7556}") = "Epico.netcore2.0.x86", "Biblioteca\Epico.netcore2.0.x86\Epico.netcore2.0.x86.csproj", "{1F276E80-AD5C-4F05-AE36-66562F1DB345}"
EndProject
Global
	GlobalSection(SharedMSBuildProjectFiles) = preSolution
		Epico\Epico.projitems*{00b8f071-ec00-44f3-a244-2c096cfc8114}*SharedItemsImports = 4
		Editor\EditorUI\EditorUI.projitems*{1b78633d-e9df-4b32-aa1b-fb2659e4af83}*SharedItemsImports = 4
		Epico\Epico.projitems*{6c722fa8-9a05-4eed-a894-411855f317d2}*SharedItemsImports = 4
		Epico\Epico.projitems*{8a6c0627-f7f5-43db-b684-c504674423d7}*SharedItemsImports = 4
		Epico\Epico.projitems*{b5456ba6-0254-41ca-9316-ae4b80b9e5c5}*SharedItemsImports = 13
		Editor\EditorUI\EditorUI.projitems*{d5e61657-73f3-402c-a156-6ae97b0bd122}*SharedItemsImports = 13
	EndGlobalSection
	GlobalSection(SolutionConfigurationPlatforms) = preSolution
		Debug|Any CPU = Debug|Any CPU
		Release|Any CPU = Release|Any CPU
	EndGlobalSection
	GlobalSection(ProjectConfigurationPlatforms) = postSolution
		{AC6B9E69-0171-443B-BE68-79CA98AE89AA}.Debug|Any CPU.ActiveCfg = Debug|Any CPU
		{AC6B9E69-0171-443B-BE68-79CA98AE89AA}.Debug|Any CPU.Build.0 = Debug|Any CPU
		{AC6B9E69-0171-443B-BE68-79CA98AE89AA}.Release|Any CPU.ActiveCfg = Release|Any CPU
		{AC6B9E69-0171-443B-BE68-79CA98AE89AA}.Release|Any CPU.Build.0 = Release|Any CPU
		{78A44C19-C7C0-43E2-BA98-11A57A03D6C7}.Debug|Any CPU.ActiveCfg = Debug|Any CPU
		{78A44C19-C7C0-43E2-BA98-11A57A03D6C7}.Debug|Any CPU.Build.0 = Debug|Any CPU
		{78A44C19-C7C0-43E2-BA98-11A57A03D6C7}.Release|Any CPU.ActiveCfg = Release|Any CPU
		{78A44C19-C7C0-43E2-BA98-11A57A03D6C7}.Release|Any CPU.Build.0 = Release|Any CPU
		{B4B7C1E2-EB61-447C-BAD2-DB0E2D0686DC}.Debug|Any CPU.ActiveCfg = Debug|Any CPU
		{B4B7C1E2-EB61-447C-BAD2-DB0E2D0686DC}.Debug|Any CPU.Build.0 = Debug|Any CPU
		{B4B7C1E2-EB61-447C-BAD2-DB0E2D0686DC}.Release|Any CPU.ActiveCfg = Release|Any CPU
		{B4B7C1E2-EB61-447C-BAD2-DB0E2D0686DC}.Release|Any CPU.Build.0 = Release|Any CPU
		{516B88F6-44A9-4DCD-9BEA-A3B3B8DBE633}.Debug|Any CPU.ActiveCfg = Debug|Any CPU
		{516B88F6-44A9-4DCD-9BEA-A3B3B8DBE633}.Debug|Any CPU.Build.0 = Debug|Any CPU
		{516B88F6-44A9-4DCD-9BEA-A3B3B8DBE633}.Release|Any CPU.ActiveCfg = Release|Any CPU
		{516B88F6-44A9-4DCD-9BEA-A3B3B8DBE633}.Release|Any CPU.Build.0 = Release|Any CPU
		{109DD572-152C-497A-9AFC-3F01CA1866CC}.Debug|Any CPU.ActiveCfg = Debug|Any CPU
		{109DD572-152C-497A-9AFC-3F01CA1866CC}.Debug|Any CPU.Build.0 = Debug|Any CPU
		{109DD572-152C-497A-9AFC-3F01CA1866CC}.Release|Any CPU.ActiveCfg = Release|Any CPU
		{109DD572-152C-497A-9AFC-3F01CA1866CC}.Release|Any CPU.Build.0 = Release|Any CPU
		{C0DAA936-AC48-400B-BCD1-189F057781D3}.Debug|Any CPU.ActiveCfg = Debug|Any CPU
		{C0DAA936-AC48-400B-BCD1-189F057781D3}.Debug|Any CPU.Build.0 = Debug|Any CPU
		{C0DAA936-AC48-400B-BCD1-189F057781D3}.Release|Any CPU.ActiveCfg = Release|Any CPU
		{C0DAA936-AC48-400B-BCD1-189F057781D3}.Release|Any CPU.Build.0 = Release|Any CPU
		{1B78633D-E9DF-4B32-AA1B-FB2659E4AF83}.Debug|Any CPU.ActiveCfg = Debug|Any CPU
		{1B78633D-E9DF-4B32-AA1B-FB2659E4AF83}.Debug|Any CPU.Build.0 = Debug|Any CPU
		{1B78633D-E9DF-4B32-AA1B-FB2659E4AF83}.Release|Any CPU.ActiveCfg = Release|Any CPU
		{1B78633D-E9DF-4B32-AA1B-FB2659E4AF83}.Release|Any CPU.Build.0 = Release|Any CPU
		{6C722FA8-9A05-4EED-A894-411855F317D2}.Debug|Any CPU.ActiveCfg = Debug|Any CPU
		{6C722FA8-9A05-4EED-A894-411855F317D2}.Debug|Any CPU.Build.0 = Debug|Any CPU
		{6C722FA8-9A05-4EED-A894-411855F317D2}.Release|Any CPU.ActiveCfg = Release|Any CPU
		{6C722FA8-9A05-4EED-A894-411855F317D2}.Release|Any CPU.Build.0 = Release|Any CPU
		{8A6C0627-F7F5-43DB-B684-C504674423D7}.Debug|Any CPU.ActiveCfg = Debug|Any CPU
		{8A6C0627-F7F5-43DB-B684-C504674423D7}.Debug|Any CPU.Build.0 = Debug|Any CPU
		{8A6C0627-F7F5-43DB-B684-C504674423D7}.Release|Any CPU.ActiveCfg = Release|Any CPU
		{8A6C0627-F7F5-43DB-B684-C504674423D7}.Release|Any CPU.Build.0 = Release|Any CPU
		{ACB3F6B8-A0AB-441A-9C9C-092166F8E5B4}.Debug|Any CPU.ActiveCfg = Debug|Any CPU
		{ACB3F6B8-A0AB-441A-9C9C-092166F8E5B4}.Debug|Any CPU.Build.0 = Debug|Any CPU
		{ACB3F6B8-A0AB-441A-9C9C-092166F8E5B4}.Release|Any CPU.ActiveCfg = Release|Any CPU
		{ACB3F6B8-A0AB-441A-9C9C-092166F8E5B4}.Release|Any CPU.Build.0 = Release|Any CPU
		{BD97924D-0846-4046-9997-119734F0111C}.Debug|Any CPU.ActiveCfg = Debug|Any CPU
		{BD97924D-0846-4046-9997-119734F0111C}.Debug|Any CPU.Build.0 = Debug|Any CPU
		{BD97924D-0846-4046-9997-119734F0111C}.Release|Any CPU.ActiveCfg = Release|Any CPU
		{BD97924D-0846-4046-9997-119734F0111C}.Release|Any CPU.Build.0 = Release|Any CPU
		{00B8F071-EC00-44F3-A244-2C096CFC8114}.Debug|Any CPU.ActiveCfg = Debug|Any CPU
		{00B8F071-EC00-44F3-A244-2C096CFC8114}.Debug|Any CPU.Build.0 = Debug|Any CPU
		{00B8F071-EC00-44F3-A244-2C096CFC8114}.Release|Any CPU.ActiveCfg = Release|Any CPU
		{00B8F071-EC00-44F3-A244-2C096CFC8114}.Release|Any CPU.Build.0 = Release|Any CPU
		{CA0CE758-D604-419E-9102-185514FAEBBD}.Debug|Any CPU.ActiveCfg = Debug|Any CPU
		{CA0CE758-D604-419E-9102-185514FAEBBD}.Debug|Any CPU.Build.0 = Debug|Any CPU
		{CA0CE758-D604-419E-9102-185514FAEBBD}.Release|Any CPU.ActiveCfg = Release|Any CPU
		{CA0CE758-D604-419E-9102-185514FAEBBD}.Release|Any CPU.Build.0 = Release|Any CPU
		{8FC503F7-5AE3-48B8-91F3-7343E52D4F92}.Debug|Any CPU.ActiveCfg = Debug|Any CPU
		{8FC503F7-5AE3-48B8-91F3-7343E52D4F92}.Debug|Any CPU.Build.0 = Debug|Any CPU
		{8FC503F7-5AE3-48B8-91F3-7343E52D4F92}.Release|Any CPU.ActiveCfg = Release|Any CPU
		{8FC503F7-5AE3-48B8-91F3-7343E52D4F92}.Release|Any CPU.Build.0 = Release|Any CPU
		{8E193009-A1EF-458D-8720-18F68D7732C3}.Debug|Any CPU.ActiveCfg = Debug|Any CPU
		{8E193009-A1EF-458D-8720-18F68D7732C3}.Debug|Any CPU.Build.0 = Debug|Any CPU
		{8E193009-A1EF-458D-8720-18F68D7732C3}.Release|Any CPU.ActiveCfg = Release|Any CPU
		{8E193009-A1EF-458D-8720-18F68D7732C3}.Release|Any CPU.Build.0 = Release|Any CPU
		{E0A3C4B0-0A40-41F6-AE21-3D2A0ADC950F}.Debug|Any CPU.ActiveCfg = Debug|Any CPU
		{E0A3C4B0-0A40-41F6-AE21-3D2A0ADC950F}.Debug|Any CPU.Build.0 = Debug|Any CPU
		{E0A3C4B0-0A40-41F6-AE21-3D2A0ADC950F}.Release|Any CPU.ActiveCfg = Release|Any CPU
		{E0A3C4B0-0A40-41F6-AE21-3D2A0ADC950F}.Release|Any CPU.Build.0 = Release|Any CPU
		{F1646404-C3B9-42B7-9115-D78C7E25A559}.Debug|Any CPU.ActiveCfg = Debug|Any CPU
		{F1646404-C3B9-42B7-9115-D78C7E25A559}.Debug|Any CPU.Build.0 = Debug|Any CPU
		{F1646404-C3B9-42B7-9115-D78C7E25A559}.Release|Any CPU.ActiveCfg = Release|Any CPU
		{F1646404-C3B9-42B7-9115-D78C7E25A559}.Release|Any CPU.Build.0 = Release|Any CPU
		{1F276E80-AD5C-4F05-AE36-66562F1DB345}.Debug|Any CPU.ActiveCfg = Debug|Any CPU
		{1F276E80-AD5C-4F05-AE36-66562F1DB345}.Debug|Any CPU.Build.0 = Debug|Any CPU
		{1F276E80-AD5C-4F05-AE36-66562F1DB345}.Release|Any CPU.ActiveCfg = Release|Any CPU
		{1F276E80-AD5C-4F05-AE36-66562F1DB345}.Release|Any CPU.Build.0 = Release|Any CPU
	EndGlobalSection
	GlobalSection(SolutionProperties) = preSolution
		HideSolutionNode = FALSE
	EndGlobalSection
	GlobalSection(NestedProjects) = preSolution
		{B5456BA6-0254-41CA-9316-AE4B80B9E5C5} = {3A6C62C8-83BC-415E-AED0-80D48A036D3C}
		{3A6C62C8-83BC-415E-AED0-80D48A036D3C} = {23268639-C48B-4D15-9EF8-32365EF7DF8A}
		{4015CCF9-63BA-48B4-8C90-EF24F34C2910} = {23268639-C48B-4D15-9EF8-32365EF7DF8A}
		{AC6B9E69-0171-443B-BE68-79CA98AE89AA} = {439C52C6-880A-402F-AF1A-0E6E480F0983}
		{78A44C19-C7C0-43E2-BA98-11A57A03D6C7} = {439C52C6-880A-402F-AF1A-0E6E480F0983}
		{B4B7C1E2-EB61-447C-BAD2-DB0E2D0686DC} = {439C52C6-880A-402F-AF1A-0E6E480F0983}
		{516B88F6-44A9-4DCD-9BEA-A3B3B8DBE633} = {439C52C6-880A-402F-AF1A-0E6E480F0983}
		{109DD572-152C-497A-9AFC-3F01CA1866CC} = {439C52C6-880A-402F-AF1A-0E6E480F0983}
		{C0DAA936-AC48-400B-BCD1-189F057781D3} = {439C52C6-880A-402F-AF1A-0E6E480F0983}
		{D5E61657-73F3-402C-A156-6AE97B0BD122} = {F6F86235-CB90-49F7-86FF-78763FBB9943}
		{1B78633D-E9DF-4B32-AA1B-FB2659E4AF83} = {F6F86235-CB90-49F7-86FF-78763FBB9943}
		{6C722FA8-9A05-4EED-A894-411855F317D2} = {4015CCF9-63BA-48B4-8C90-EF24F34C2910}
		{8A6C0627-F7F5-43DB-B684-C504674423D7} = {4015CCF9-63BA-48B4-8C90-EF24F34C2910}
		{ACB3F6B8-A0AB-441A-9C9C-092166F8E5B4} = {439C52C6-880A-402F-AF1A-0E6E480F0983}
		{BD97924D-0846-4046-9997-119734F0111C} = {F6F86235-CB90-49F7-86FF-78763FBB9943}
		{00B8F071-EC00-44F3-A244-2C096CFC8114} = {4015CCF9-63BA-48B4-8C90-EF24F34C2910}
		{CA0CE758-D604-419E-9102-185514FAEBBD} = {4015CCF9-63BA-48B4-8C90-EF24F34C2910}
		{8FC503F7-5AE3-48B8-91F3-7343E52D4F92} = {4015CCF9-63BA-48B4-8C90-EF24F34C2910}
		{8E193009-A1EF-458D-8720-18F68D7732C3} = {439C52C6-880A-402F-AF1A-0E6E480F0983}
		{E0A3C4B0-0A40-41F6-AE21-3D2A0ADC950F} = {4015CCF9-63BA-48B4-8C90-EF24F34C2910}
		{F1646404-C3B9-42B7-9115-D78C7E25A559} = {439C52C6-880A-402F-AF1A-0E6E480F0983}
		{1F276E80-AD5C-4F05-AE36-66562F1DB345} = {4015CCF9-63BA-48B4-8C90-EF24F34C2910}
	EndGlobalSection
	GlobalSection(ExtensibilityGlobals) = postSolution
		SolutionGuid = {3D7D1649-9BEB-41E4-8EC4-2EEDB8B60200}
	EndGlobalSection
EndGlobal
