
Microsoft Visual Studio Solution File, Format Version 12.00
# Visual Studio Version 16
VisualStudioVersion = 16.0.28803.352
MinimumVisualStudioVersion = 10.0.40219.1
Project("{D954291E-2A0B-460D-934E-DC6B0785DB48}") = "Epico", "Epico\Epico.shproj", "{B5456BA6-0254-41CA-9316-AE4B80B9E5C5}"
EndProject
Global
	GlobalSection(SharedMSBuildProjectFiles) = preSolution
		Epico\Epico.projitems*{b5456ba6-0254-41ca-9316-ae4b80b9e5c5}*SharedItemsImports = 13
	EndGlobalSection
	GlobalSection(SolutionProperties) = preSolution
		HideSolutionNode = FALSE
	EndGlobalSection
	GlobalSection(ExtensibilityGlobals) = postSolution
		SolutionGuid = {3D7D1649-9BEB-41E4-8EC4-2EEDB8B60200}
	EndGlobalSection
EndGlobal
